
Microsoft Visual Studio Solution File, Format Version 12.00
# Visual Studio Version 16
VisualStudioVersion = 16.0.30011.22
MinimumVisualStudioVersion = 10.0.40219.1
Project("{FAE04EC0-301F-11D3-BF4B-00C04F79EFBC}") = "gem-spaas.powerplant.coding-challenge", "gem-spaas.powerplant.coding-challenge\gem-spaas.powerplant.coding-challenge.csproj", "{37DB863D-765A-4112-9812-BBF12741586D}"
EndProject
Global
	GlobalSection(SolutionConfigurationPlatforms) = preSolution
		Debug|Any CPU = Debug|Any CPU
		Release|Any CPU = Release|Any CPU
	EndGlobalSection
	GlobalSection(ProjectConfigurationPlatforms) = postSolution
		{37DB863D-765A-4112-9812-BBF12741586D}.Debug|Any CPU.ActiveCfg = Debug|Any CPU
		{37DB863D-765A-4112-9812-BBF12741586D}.Debug|Any CPU.Build.0 = Debug|Any CPU
		{37DB863D-765A-4112-9812-BBF12741586D}.Release|Any CPU.ActiveCfg = Release|Any CPU
		{37DB863D-765A-4112-9812-BBF12741586D}.Release|Any CPU.Build.0 = Release|Any CPU
	EndGlobalSection
	GlobalSection(SolutionProperties) = preSolution
		HideSolutionNode = FALSE
	EndGlobalSection
	GlobalSection(ExtensibilityGlobals) = postSolution
		SolutionGuid = {0B05E11A-5175-4095-A61A-FC44A66BDADA}
	EndGlobalSection
EndGlobal
